// !$*UTF8*$!
{
	archiveVersion = 1;
	classes = {
	};
	objectVersion = 46;
	objects = {

/* Begin PBXBuildFile section */
		378EC0CA1F1EB3CC00A9FE2C /* AppDelegate.swift in Sources */ = {isa = PBXBuildFile; fileRef = 378EC0C91F1EB3CC00A9FE2C /* AppDelegate.swift */; };
		378EC0D11F1EB3CC00A9FE2C /* Main.storyboard in Resources */ = {isa = PBXBuildFile; fileRef = 378EC0CF1F1EB3CC00A9FE2C /* Main.storyboard */; };
		378EC0D31F1EB3CC00A9FE2C /* Assets.xcassets in Resources */ = {isa = PBXBuildFile; fileRef = 378EC0D21F1EB3CC00A9FE2C /* Assets.xcassets */; };
		378EC0D61F1EB3CC00A9FE2C /* LaunchScreen.storyboard in Resources */ = {isa = PBXBuildFile; fileRef = 378EC0D41F1EB3CC00A9FE2C /* LaunchScreen.storyboard */; };
		378EC0E21F1EB7B200A9FE2C /* stopwatch.png in Resources */ = {isa = PBXBuildFile; fileRef = 378EC0DE1F1EB7B200A9FE2C /* stopwatch.png */; };
		378EC0E31F1EB7B200A9FE2C /* worldclock.png in Resources */ = {isa = PBXBuildFile; fileRef = 378EC0DF1F1EB7B200A9FE2C /* worldclock.png */; };
		378EC0E41F1EB7B200A9FE2C /* Alarm.png in Resources */ = {isa = PBXBuildFile; fileRef = 378EC0E01F1EB7B200A9FE2C /* Alarm.png */; };
		378EC0E51F1EB7B200A9FE2C /* timer.png in Resources */ = {isa = PBXBuildFile; fileRef = 378EC0E11F1EB7B200A9FE2C /* timer.png */; };
		378EC0E81F1FBA6600A9FE2C /* WorldClockTableViewController.swift in Sources */ = {isa = PBXBuildFile; fileRef = 378EC0E71F1FBA6600A9FE2C /* WorldClockTableViewController.swift */; };
		378EC0EA1F1FBAB700A9FE2C /* TimeZonesTableViewController.swift in Sources */ = {isa = PBXBuildFile; fileRef = 378EC0E91F1FBAB700A9FE2C /* TimeZonesTableViewController.swift */; };
		378EC0ED1F1FBBAD00A9FE2C /* WorldClockTableViewCell.swift in Sources */ = {isa = PBXBuildFile; fileRef = 378EC0EC1F1FBBAD00A9FE2C /* WorldClockTableViewCell.swift */; };
/* End PBXBuildFile section */

/* Begin PBXFileReference section */
		378EC0C61F1EB3CB00A9FE2C /* iWorldClock.app */ = {isa = PBXFileReference; explicitFileType = wrapper.application; includeInIndex = 0; path = iWorldClock.app; sourceTree = BUILT_PRODUCTS_DIR; };
		378EC0C91F1EB3CC00A9FE2C /* AppDelegate.swift */ = {isa = PBXFileReference; lastKnownFileType = sourcecode.swift; path = AppDelegate.swift; sourceTree = "<group>"; };
		378EC0D01F1EB3CC00A9FE2C /* Base */ = {isa = PBXFileReference; lastKnownFileType = file.storyboard; name = Base; path = Base.lproj/Main.storyboard; sourceTree = "<group>"; };
		378EC0D21F1EB3CC00A9FE2C /* Assets.xcassets */ = {isa = PBXFileReference; lastKnownFileType = folder.assetcatalog; path = Assets.xcassets; sourceTree = "<group>"; };
		378EC0D51F1EB3CC00A9FE2C /* Base */ = {isa = PBXFileReference; lastKnownFileType = file.storyboard; name = Base; path = Base.lproj/LaunchScreen.storyboard; sourceTree = "<group>"; };
		378EC0D71F1EB3CC00A9FE2C /* Info.plist */ = {isa = PBXFileReference; lastKnownFileType = text.plist.xml; path = Info.plist; sourceTree = "<group>"; };
		378EC0DE1F1EB7B200A9FE2C /* stopwatch.png */ = {isa = PBXFileReference; lastKnownFileType = image.png; path = stopwatch.png; sourceTree = "<group>"; };
		378EC0DF1F1EB7B200A9FE2C /* worldclock.png */ = {isa = PBXFileReference; lastKnownFileType = image.png; path = worldclock.png; sourceTree = "<group>"; };
		378EC0E01F1EB7B200A9FE2C /* Alarm.png */ = {isa = PBXFileReference; lastKnownFileType = image.png; path = Alarm.png; sourceTree = "<group>"; };
		378EC0E11F1EB7B200A9FE2C /* timer.png */ = {isa = PBXFileReference; lastKnownFileType = image.png; path = timer.png; sourceTree = "<group>"; };
		378EC0E71F1FBA6600A9FE2C /* WorldClockTableViewController.swift */ = {isa = PBXFileReference; fileEncoding = 4; lastKnownFileType = sourcecode.swift; path = WorldClockTableViewController.swift; sourceTree = "<group>"; };
		378EC0E91F1FBAB700A9FE2C /* TimeZonesTableViewController.swift */ = {isa = PBXFileReference; fileEncoding = 4; lastKnownFileType = sourcecode.swift; path = TimeZonesTableViewController.swift; sourceTree = "<group>"; };
		378EC0EC1F1FBBAD00A9FE2C /* WorldClockTableViewCell.swift */ = {isa = PBXFileReference; fileEncoding = 4; lastKnownFileType = sourcecode.swift; path = WorldClockTableViewCell.swift; sourceTree = "<group>"; };
/* End PBXFileReference section */

/* Begin PBXFrameworksBuildPhase section */
		378EC0C31F1EB3CB00A9FE2C /* Frameworks */ = {
			isa = PBXFrameworksBuildPhase;
			buildActionMask = 2147483647;
			files = (
			);
			runOnlyForDeploymentPostprocessing = 0;
		};
/* End PBXFrameworksBuildPhase section */

/* Begin PBXGroup section */
		378EC0BD1F1EB3CB00A9FE2C = {
			isa = PBXGroup;
			children = (
				378EC0C81F1EB3CB00A9FE2C /* iWorldClock */,
				378EC0C71F1EB3CB00A9FE2C /* Products */,
			);
			sourceTree = "<group>";
		};
		378EC0C71F1EB3CB00A9FE2C /* Products */ = {
			isa = PBXGroup;
			children = (
				378EC0C61F1EB3CB00A9FE2C /* iWorldClock.app */,
			);
			name = Products;
			sourceTree = "<group>";
		};
		378EC0C81F1EB3CB00A9FE2C /* iWorldClock */ = {
			isa = PBXGroup;
			children = (
				378EC0EB1F1FBB5800A9FE2C /* Cell Class */,
				378EC0E61F1FBA0D00A9FE2C /* VC */,
				378EC0DD1F1EB71C00A9FE2C /* Images */,
				378EC0C91F1EB3CC00A9FE2C /* AppDelegate.swift */,
				378EC0CF1F1EB3CC00A9FE2C /* Main.storyboard */,
				378EC0D21F1EB3CC00A9FE2C /* Assets.xcassets */,
				378EC0D41F1EB3CC00A9FE2C /* LaunchScreen.storyboard */,
				378EC0D71F1EB3CC00A9FE2C /* Info.plist */,
			);
			path = iWorldClock;
			sourceTree = "<group>";
		};
		378EC0DD1F1EB71C00A9FE2C /* Images */ = {
			isa = PBXGroup;
			children = (
				378EC0DE1F1EB7B200A9FE2C /* stopwatch.png */,
				378EC0DF1F1EB7B200A9FE2C /* worldclock.png */,
				378EC0E01F1EB7B200A9FE2C /* Alarm.png */,
				378EC0E11F1EB7B200A9FE2C /* timer.png */,
			);
			name = Images;
			sourceTree = "<group>";
		};
		378EC0E61F1FBA0D00A9FE2C /* VC */ = {
			isa = PBXGroup;
			children = (
				378EC0E71F1FBA6600A9FE2C /* WorldClockTableViewController.swift */,
				378EC0E91F1FBAB700A9FE2C /* TimeZonesTableViewController.swift */,
			);
			name = VC;
			sourceTree = "<group>";
		};
		378EC0EB1F1FBB5800A9FE2C /* Cell Class */ = {
			isa = PBXGroup;
			children = (
				378EC0EC1F1FBBAD00A9FE2C /* WorldClockTableViewCell.swift */,
			);
			name = "Cell Class";
			sourceTree = "<group>";
		};
/* End PBXGroup section */

/* Begin PBXNativeTarget section */
		378EC0C51F1EB3CB00A9FE2C /* iWorldClock */ = {
			isa = PBXNativeTarget;
			buildConfigurationList = 378EC0DA1F1EB3CC00A9FE2C /* Build configuration list for PBXNativeTarget "iWorldClock" */;
			buildPhases = (
				378EC0C21F1EB3CB00A9FE2C /* Sources */,
				378EC0C31F1EB3CB00A9FE2C /* Frameworks */,
				378EC0C41F1EB3CB00A9FE2C /* Resources */,
			);
			buildRules = (
			);
			dependencies = (
			);
			name = iWorldClock;
			productName = iWorldClock;
			productReference = 378EC0C61F1EB3CB00A9FE2C /* iWorldClock.app */;
			productType = "com.apple.product-type.application";
		};
/* End PBXNativeTarget section */

/* Begin PBXProject section */
		378EC0BE1F1EB3CB00A9FE2C /* Project object */ = {
			isa = PBXProject;
			attributes = {
				LastSwiftUpdateCheck = 0830;
				LastUpgradeCheck = 0830;
				ORGANIZATIONNAME = WMWiOS;
				TargetAttributes = {
					378EC0C51F1EB3CB00A9FE2C = {
						CreatedOnToolsVersion = 8.3.2;
						DevelopmentTeam = 3VJUDAWR26;
						ProvisioningStyle = Automatic;
					};
				};
			};
			buildConfigurationList = 378EC0C11F1EB3CB00A9FE2C /* Build configuration list for PBXProject "iWorldClock" */;
			compatibilityVersion = "Xcode 3.2";
			developmentRegion = English;
			hasScannedForEncodings = 0;
			knownRegions = (
				en,
				Base,
			);
			mainGroup = 378EC0BD1F1EB3CB00A9FE2C;
			productRefGroup = 378EC0C71F1EB3CB00A9FE2C /* Products */;
			projectDirPath = "";
			projectRoot = "";
			targets = (
				378EC0C51F1EB3CB00A9FE2C /* iWorldClock */,
			);
		};
/* End PBXProject section */

/* Begin PBXResourcesBuildPhase section */
		378EC0C41F1EB3CB00A9FE2C /* Resources */ = {
			isa = PBXResourcesBuildPhase;
			buildActionMask = 2147483647;
			files = (
				378EC0D61F1EB3CC00A9FE2C /* LaunchScreen.storyboard in Resources */,
				378EC0E31F1EB7B200A9FE2C /* worldclock.png in Resources */,
				378EC0E21F1EB7B200A9FE2C /* stopwatch.png in Resources */,
				378EC0E41F1EB7B200A9FE2C /* Alarm.png in Resources */,
				378EC0D31F1EB3CC00A9FE2C /* Assets.xcassets in Resources */,
				378EC0E51F1EB7B200A9FE2C /* timer.png in Resources */,
				378EC0D11F1EB3CC00A9FE2C /* Main.storyboard in Resources */,
			);
			runOnlyForDeploymentPostprocessing = 0;
		};
/* End PBXResourcesBuildPhase section */

/* Begin PBXSourcesBuildPhase section */
		378EC0C21F1EB3CB00A9FE2C /* Sources */ = {
			isa = PBXSourcesBuildPhase;
			buildActionMask = 2147483647;
			files = (
				378EC0EA1F1FBAB700A9FE2C /* TimeZonesTableViewController.swift in Sources */,
				378EC0CA1F1EB3CC00A9FE2C /* AppDelegate.swift in Sources */,
				378EC0E81F1FBA6600A9FE2C /* WorldClockTableViewController.swift in Sources */,
				378EC0ED1F1FBBAD00A9FE2C /* WorldClockTableViewCell.swift in Sources */,
			);
			runOnlyForDeploymentPostprocessing = 0;
		};
/* End PBXSourcesBuildPhase section */

/* Begin PBXVariantGroup section */
		378EC0CF1F1EB3CC00A9FE2C /* Main.storyboard */ = {
			isa = PBXVariantGroup;
			children = (
				378EC0D01F1EB3CC00A9FE2C /* Base */,
			);
			name = Main.storyboard;
			sourceTree = "<group>";
		};
		378EC0D41F1EB3CC00A9FE2C /* LaunchScreen.storyboard */ = {
			isa = PBXVariantGroup;
			children = (
				378EC0D51F1EB3CC00A9FE2C /* Base */,
			);
			name = LaunchScreen.storyboard;
			sourceTree = "<group>";
		};
/* End PBXVariantGroup section */

/* Begin XCBuildConfiguration section */
		378EC0D81F1EB3CC00A9FE2C /* Debug */ = {
			isa = XCBuildConfiguration;
			buildSettings = {
				ALWAYS_SEARCH_USER_PATHS = NO;
				CLANG_ANALYZER_NONNULL = YES;
				CLANG_ANALYZER_NUMBER_OBJECT_CONVERSION = YES_AGGRESSIVE;
				CLANG_CXX_LANGUAGE_STANDARD = "gnu++0x";
				CLANG_CXX_LIBRARY = "libc++";
				CLANG_ENABLE_MODULES = YES;
				CLANG_ENABLE_OBJC_ARC = YES;
				CLANG_WARN_BOOL_CONVERSION = YES;
				CLANG_WARN_CONSTANT_CONVERSION = YES;
				CLANG_WARN_DIRECT_OBJC_ISA_USAGE = YES_ERROR;
				CLANG_WARN_DOCUMENTATION_COMMENTS = YES;
				CLANG_WARN_EMPTY_BODY = YES;
				CLANG_WARN_ENUM_CONVERSION = YES;
				CLANG_WARN_INFINITE_RECURSION = YES;
				CLANG_WARN_INT_CONVERSION = YES;
				CLANG_WARN_OBJC_ROOT_CLASS = YES_ERROR;
				CLANG_WARN_SUSPICIOUS_MOVE = YES;
				CLANG_WARN_UNREACHABLE_CODE = YES;
				CLANG_WARN__DUPLICATE_METHOD_MATCH = YES;
				"CODE_SIGN_IDENTITY[sdk=iphoneos*]" = "iPhone Developer";
				COPY_PHASE_STRIP = NO;
				DEBUG_INFORMATION_FORMAT = dwarf;
				ENABLE_STRICT_OBJC_MSGSEND = YES;
				ENABLE_TESTABILITY = YES;
				GCC_C_LANGUAGE_STANDARD = gnu99;
				GCC_DYNAMIC_NO_PIC = NO;
				GCC_NO_COMMON_BLOCKS = YES;
				GCC_OPTIMIZATION_LEVEL = 0;
				GCC_PREPROCESSOR_DEFINITIONS = (
					"DEBUG=1",
					"$(inherited)",
				);
				GCC_WARN_64_TO_32_BIT_CONVERSION = YES;
				GCC_WARN_ABOUT_RETURN_TYPE = YES_ERROR;
				GCC_WARN_UNDECLARED_SELECTOR = YES;
				GCC_WARN_UNINITIALIZED_AUTOS = YES_AGGRESSIVE;
				GCC_WARN_UNUSED_FUNCTION = YES;
				GCC_WARN_UNUSED_VARIABLE = YES;
				IPHONEOS_DEPLOYMENT_TARGET = 10.3;
				MTL_ENABLE_DEBUG_INFO = YES;
				ONLY_ACTIVE_ARCH = YES;
				SDKROOT = iphoneos;
				SWIFT_ACTIVE_COMPILATION_CONDITIONS = DEBUG;
				SWIFT_OPTIMIZATION_LEVEL = "-Onone";
				TARGETED_DEVICE_FAMILY = "1,2";
			};
			name = Debug;
		};
		378EC0D91F1EB3CC00A9FE2C /* Release */ = {
			isa = XCBuildConfiguration;
			buildSettings = {
				ALWAYS_SEARCH_USER_PATHS = NO;
				CLANG_ANALYZER_NONNULL = YES;
				CLANG_ANALYZER_NUMBER_OBJECT_CONVERSION = YES_AGGRESSIVE;
				CLANG_CXX_LANGUAGE_STANDARD = "gnu++0x";
				CLANG_CXX_LIBRARY = "libc++";
				CLANG_ENABLE_MODULES = YES;
				CLANG_ENABLE_OBJC_ARC = YES;
				CLANG_WARN_BOOL_CONVERSION = YES;
				CLANG_WARN_CONSTANT_CONVERSION = YES;
				CLANG_WARN_DIRECT_OBJC_ISA_USAGE = YES_ERROR;
				CLANG_WARN_DOCUMENTATION_COMMENTS = YES;
				CLANG_WARN_EMPTY_BODY = YES;
				CLANG_WARN_ENUM_CONVERSION = YES;
				CLANG_WARN_INFINITE_RECURSION = YES;
				CLANG_WARN_INT_CONVERSION = YES;
				CLANG_WARN_OBJC_ROOT_CLASS = YES_ERROR;
				CLANG_WARN_SUSPICIOUS_MOVE = YES;
				CLANG_WARN_UNREACHABLE_CODE = YES;
				CLANG_WARN__DUPLICATE_METHOD_MATCH = YES;
				"CODE_SIGN_IDENTITY[sdk=iphoneos*]" = "iPhone Developer";
				COPY_PHASE_STRIP = NO;
				DEBUG_INFORMATION_FORMAT = "dwarf-with-dsym";
				ENABLE_NS_ASSERTIONS = NO;
				ENABLE_STRICT_OBJC_MSGSEND = YES;
				GCC_C_LANGUAGE_STANDARD = gnu99;
				GCC_NO_COMMON_BLOCKS = YES;
				GCC_WARN_64_TO_32_BIT_CONVERSION = YES;
				GCC_WARN_ABOUT_RETURN_TYPE = YES_ERROR;
				GCC_WARN_UNDECLARED_SELECTOR = YES;
				GCC_WARN_UNINITIALIZED_AUTOS = YES_AGGRESSIVE;
				GCC_WARN_UNUSED_FUNCTION = YES;
				GCC_WARN_UNUSED_VARIABLE = YES;
				IPHONEOS_DEPLOYMENT_TARGET = 10.3;
				MTL_ENABLE_DEBUG_INFO = NO;
				SDKROOT = iphoneos;
				SWIFT_OPTIMIZATION_LEVEL = "-Owholemodule";
				TARGETED_DEVICE_FAMILY = "1,2";
				VALIDATE_PRODUCT = YES;
			};
			name = Release;
		};
		378EC0DB1F1EB3CC00A9FE2C /* Debug */ = {
			isa = XCBuildConfiguration;
			buildSettings = {
				ASSETCATALOG_COMPILER_APPICON_NAME = AppIcon;
				DEVELOPMENT_TEAM = 3VJUDAWR26;
				INFOPLIST_FILE = iWorldClock/Info.plist;
				LD_RUNPATH_SEARCH_PATHS = "$(inherited) @executable_path/Frameworks";
				PRODUCT_BUNDLE_IDENTIFIER = com.WMWIOS.iWorldClock;
				PRODUCT_NAME = "$(TARGET_NAME)";
				SWIFT_VERSION = 3.0;
			};
			name = Debug;
		};
		378EC0DC1F1EB3CC00A9FE2C /* Release */ = {
			isa = XCBuildConfiguration;
			buildSettings = {
				ASSETCATALOG_COMPILER_APPICON_NAME = AppIcon;
				DEVELOPMENT_TEAM = 3VJUDAWR26;
				INFOPLIST_FILE = iWorldClock/Info.plist;
				LD_RUNPATH_SEARCH_PATHS = "$(inherited) @executable_path/Frameworks";
				PRODUCT_BUNDLE_IDENTIFIER = com.WMWIOS.iWorldClock;
				PRODUCT_NAME = "$(TARGET_NAME)";
				SWIFT_VERSION = 3.0;
			};
			name = Release;
		};
/* End XCBuildConfiguration section */

/* Begin XCConfigurationList section */
		378EC0C11F1EB3CB00A9FE2C /* Build configuration list for PBXProject "iWorldClock" */ = {
			isa = XCConfigurationList;
			buildConfigurations = (
				378EC0D81F1EB3CC00A9FE2C /* Debug */,
				378EC0D91F1EB3CC00A9FE2C /* Release */,
			);
			defaultConfigurationIsVisible = 0;
			defaultConfigurationName = Release;
		};
		378EC0DA1F1EB3CC00A9FE2C /* Build configuration list for PBXNativeTarget "iWorldClock" */ = {
			isa = XCConfigurationList;
			buildConfigurations = (
				378EC0DB1F1EB3CC00A9FE2C /* Debug */,
				378EC0DC1F1EB3CC00A9FE2C /* Release */,
			);
			defaultConfigurationIsVisible = 0;
		};
/* End XCConfigurationList section */
	};
	rootObject = 378EC0BE1F1EB3CB00A9FE2C /* Project object */;
}
